
Microsoft Visual Studio Solution File, Format Version 12.00
# Visual Studio 15
VisualStudioVersion = 15.0.28307.960
MinimumVisualStudioVersion = 10.0.40219.1
Project("{DA7A21FA-8162-4350-AD77-A8D1B671F3ED}") = "Fundamental Analysis", "Fundamental Analysis\Fundamental Analysis.rxproj", "{BFAD01F7-974E-43E5-9CC6-077A899F783D}"
EndProject
Global
	GlobalSection(SolutionConfigurationPlatforms) = preSolution
		Debug|Any CPU = Debug|Any CPU
		Release|Any CPU = Release|Any CPU
	EndGlobalSection
	GlobalSection(ProjectConfigurationPlatforms) = postSolution
		{BFAD01F7-974E-43E5-9CC6-077A899F783D}.Debug|Any CPU.ActiveCfg = Debug|Any CPU
		{BFAD01F7-974E-43E5-9CC6-077A899F783D}.Debug|Any CPU.Build.0 = Debug|Any CPU
		{BFAD01F7-974E-43E5-9CC6-077A899F783D}.Release|Any CPU.ActiveCfg = Release|Any CPU
		{BFAD01F7-974E-43E5-9CC6-077A899F783D}.Release|Any CPU.Build.0 = Release|Any CPU
	EndGlobalSection
	GlobalSection(SolutionProperties) = preSolution
		HideSolutionNode = FALSE
	EndGlobalSection
	GlobalSection(ExtensibilityGlobals) = postSolution
		SolutionGuid = {6704A133-65F7-476F-B250-ACC154981DB6}
	EndGlobalSection
EndGlobal
